
Microsoft Visual Studio Solution File, Format Version 12.00
# Visual Studio Version 16
VisualStudioVersion = 16.0.29324.140
MinimumVisualStudioVersion = 10.0.40219.1
Project("{FAE04EC0-301F-11D3-BF4B-00C04F79EFBC}") = "WebAPI", "WebAPI.csproj", "{158066B3-A8EC-474B-A849-F3896E5B1987}"
EndProject
Global
	GlobalSection(SolutionConfigurationPlatforms) = preSolution
		Debug|Any CPU = Debug|Any CPU
		Release|Any CPU = Release|Any CPU
	EndGlobalSection
	GlobalSection(ProjectConfigurationPlatforms) = postSolution
		{158066B3-A8EC-474B-A849-F3896E5B1987}.Debug|Any CPU.ActiveCfg = Debug|Any CPU
		{158066B3-A8EC-474B-A849-F3896E5B1987}.Debug|Any CPU.Build.0 = Debug|Any CPU
		{158066B3-A8EC-474B-A849-F3896E5B1987}.Release|Any CPU.ActiveCfg = Release|Any CPU
		{158066B3-A8EC-474B-A849-F3896E5B1987}.Release|Any CPU.Build.0 = Release|Any CPU
	EndGlobalSection
	GlobalSection(SolutionProperties) = preSolution
		HideSolutionNode = FALSE
	EndGlobalSection
	GlobalSection(ExtensibilityGlobals) = postSolution
		SolutionGuid = {643C4933-7DEF-4828-8DF3-18CD455A36D4}
	EndGlobalSection
EndGlobal
